
Microsoft Visual Studio Solution File, Format Version 12.00
# Visual Studio Version 17
VisualStudioVersion = 17.2.32630.192
MinimumVisualStudioVersion = 10.0.40219.1
Project("{FAE04EC0-301F-11D3-BF4B-00C04F79EFBC}") = "AutoUpdateApp", "AutoUpdateApp\AutoUpdateApp.csproj", "{987A94C7-9FA3-4930-85DD-0DEA6E0EB5DF}"
EndProject
Global
	GlobalSection(SolutionConfigurationPlatforms) = preSolution
		Debug|Any CPU = Debug|Any CPU
		Release|Any CPU = Release|Any CPU
	EndGlobalSection
	GlobalSection(ProjectConfigurationPlatforms) = postSolution
		{987A94C7-9FA3-4930-85DD-0DEA6E0EB5DF}.Debug|Any CPU.ActiveCfg = Debug|Any CPU
		{987A94C7-9FA3-4930-85DD-0DEA6E0EB5DF}.Debug|Any CPU.Build.0 = Debug|Any CPU
		{987A94C7-9FA3-4930-85DD-0DEA6E0EB5DF}.Release|Any CPU.ActiveCfg = Release|Any CPU
		{987A94C7-9FA3-4930-85DD-0DEA6E0EB5DF}.Release|Any CPU.Build.0 = Release|Any CPU
	EndGlobalSection
	GlobalSection(SolutionProperties) = preSolution
		HideSolutionNode = FALSE
	EndGlobalSection
	GlobalSection(ExtensibilityGlobals) = postSolution
		SolutionGuid = {3DCFCA40-1670-4CDB-B9F4-0B9F69CA184B}
	EndGlobalSection
EndGlobal
